
Microsoft Visual Studio Solution File, Format Version 11.00
# Visual Studio 2010
Project("{FAE04EC0-301F-11D3-BF4B-00C04F79EFBC}") = "WindowsFormsApplication2", "WindowsFormsApplication2\WindowsFormsApplication2.csproj", "{E13BA4A0-885E-4279-A616-1D1931F05355}"
EndProject
Global
	GlobalSection(SolutionConfigurationPlatforms) = preSolution
		Debug|x86 = Debug|x86
		Release|x86 = Release|x86
	EndGlobalSection
	GlobalSection(ProjectConfigurationPlatforms) = postSolution
		{E13BA4A0-885E-4279-A616-1D1931F05355}.Debug|x86.ActiveCfg = Debug|x86
		{E13BA4A0-885E-4279-A616-1D1931F05355}.Debug|x86.Build.0 = Debug|x86
		{E13BA4A0-885E-4279-A616-1D1931F05355}.Release|x86.ActiveCfg = Release|x86
		{E13BA4A0-885E-4279-A616-1D1931F05355}.Release|x86.Build.0 = Release|x86
	EndGlobalSection
	GlobalSection(SolutionProperties) = preSolution
		HideSolutionNode = FALSE
	EndGlobalSection
EndGlobal
